
Microsoft Visual Studio Solution File, Format Version 12.00
# Visual Studio 15
VisualStudioVersion = 15.0.27004.2002
MinimumVisualStudioVersion = 10.0.40219.1
Project("{FAE04EC0-301F-11D3-BF4B-00C04F79EFBC}") = "laba2", "laba2\laba2.csproj", "{5329DA5D-7BAE-451B-ADA0-17BABEF60297}"
EndProject
Global
	GlobalSection(SolutionConfigurationPlatforms) = preSolution
		Debug|Any CPU = Debug|Any CPU
		Release|Any CPU = Release|Any CPU
	EndGlobalSection
	GlobalSection(ProjectConfigurationPlatforms) = postSolution
		{5329DA5D-7BAE-451B-ADA0-17BABEF60297}.Debug|Any CPU.ActiveCfg = Debug|Any CPU
		{5329DA5D-7BAE-451B-ADA0-17BABEF60297}.Debug|Any CPU.Build.0 = Debug|Any CPU
		{5329DA5D-7BAE-451B-ADA0-17BABEF60297}.Release|Any CPU.ActiveCfg = Release|Any CPU
		{5329DA5D-7BAE-451B-ADA0-17BABEF60297}.Release|Any CPU.Build.0 = Release|Any CPU
	EndGlobalSection
	GlobalSection(SolutionProperties) = preSolution
		HideSolutionNode = FALSE
	EndGlobalSection
	GlobalSection(ExtensibilityGlobals) = postSolution
		SolutionGuid = {0C699A2F-8134-4C6D-98FB-632C9AD952E5}
	EndGlobalSection
EndGlobal
